// !$*UTF8*$!
{
	archiveVersion = 1;
	classes = {
	};
	objectVersion = 48;
	objects = {

/* Begin PBXBuildFile section */
		FCE0362E1FFF36B00020751F /* AppDelegate.m in Sources */ = {isa = PBXBuildFile; fileRef = FCE0362D1FFF36B00020751F /* AppDelegate.m */; };
		FCE036311FFF36B00020751F /* ViewController.m in Sources */ = {isa = PBXBuildFile; fileRef = FCE036301FFF36B00020751F /* ViewController.m */; };
		FCE036341FFF36B00020751F /* Main.storyboard in Resources */ = {isa = PBXBuildFile; fileRef = FCE036321FFF36B00020751F /* Main.storyboard */; };
		FCE036361FFF36B00020751F /* Assets.xcassets in Resources */ = {isa = PBXBuildFile; fileRef = FCE036351FFF36B00020751F /* Assets.xcassets */; };
		FCE036391FFF36B00020751F /* LaunchScreen.storyboard in Resources */ = {isa = PBXBuildFile; fileRef = FCE036371FFF36B00020751F /* LaunchScreen.storyboard */; };
		FCE0363C1FFF36B00020751F /* main.m in Sources */ = {isa = PBXBuildFile; fileRef = FCE0363B1FFF36B00020751F /* main.m */; };
		FCE036461FFF36B10020751F /* GCDTests.m in Sources */ = {isa = PBXBuildFile; fileRef = FCE036451FFF36B10020751F /* GCDTests.m */; };
		FCE036511FFF36B10020751F /* GCDUITests.m in Sources */ = {isa = PBXBuildFile; fileRef = FCE036501FFF36B10020751F /* GCDUITests.m */; };
/* End PBXBuildFile section */

/* Begin PBXContainerItemProxy section */
		FCE036421FFF36B10020751F /* PBXContainerItemProxy */ = {
			isa = PBXContainerItemProxy;
			containerPortal = FCE036211FFF36B00020751F /* Project object */;
			proxyType = 1;
			remoteGlobalIDString = FCE036281FFF36B00020751F;
			remoteInfo = GCD;
		};
		FCE0364D1FFF36B10020751F /* PBXContainerItemProxy */ = {
			isa = PBXContainerItemProxy;
			containerPortal = FCE036211FFF36B00020751F /* Project object */;
			proxyType = 1;
			remoteGlobalIDString = FCE036281FFF36B00020751F;
			remoteInfo = GCD;
		};
/* End PBXContainerItemProxy section */

/* Begin PBXFileReference section */
		FCE036291FFF36B00020751F /* GCD.app */ = {isa = PBXFileReference; explicitFileType = wrapper.application; includeInIndex = 0; path = GCD.app; sourceTree = BUILT_PRODUCTS_DIR; };
		FCE0362C1FFF36B00020751F /* AppDelegate.h */ = {isa = PBXFileReference; lastKnownFileType = sourcecode.c.h; path = AppDelegate.h; sourceTree = "<group>"; };
		FCE0362D1FFF36B00020751F /* AppDelegate.m */ = {isa = PBXFileReference; lastKnownFileType = sourcecode.c.objc; path = AppDelegate.m; sourceTree = "<group>"; };
		FCE0362F1FFF36B00020751F /* ViewController.h */ = {isa = PBXFileReference; lastKnownFileType = sourcecode.c.h; path = ViewController.h; sourceTree = "<group>"; };
		FCE036301FFF36B00020751F /* ViewController.m */ = {isa = PBXFileReference; lastKnownFileType = sourcecode.c.objc; path = ViewController.m; sourceTree = "<group>"; };
		FCE036331FFF36B00020751F /* Base */ = {isa = PBXFileReference; lastKnownFileType = file.storyboard; name = Base; path = Base.lproj/Main.storyboard; sourceTree = "<group>"; };
		FCE036351FFF36B00020751F /* Assets.xcassets */ = {isa = PBXFileReference; lastKnownFileType = folder.assetcatalog; path = Assets.xcassets; sourceTree = "<group>"; };
		FCE036381FFF36B00020751F /* Base */ = {isa = PBXFileReference; lastKnownFileType = file.storyboard; name = Base; path = Base.lproj/LaunchScreen.storyboard; sourceTree = "<group>"; };
		FCE0363A1FFF36B00020751F /* Info.plist */ = {isa = PBXFileReference; lastKnownFileType = text.plist.xml; path = Info.plist; sourceTree = "<group>"; };
		FCE0363B1FFF36B00020751F /* main.m */ = {isa = PBXFileReference; lastKnownFileType = sourcecode.c.objc; path = main.m; sourceTree = "<group>"; };
		FCE036411FFF36B10020751F /* GCDTests.xctest */ = {isa = PBXFileReference; explicitFileType = wrapper.cfbundle; includeInIndex = 0; path = GCDTests.xctest; sourceTree = BUILT_PRODUCTS_DIR; };
		FCE036451FFF36B10020751F /* GCDTests.m */ = {isa = PBXFileReference; lastKnownFileType = sourcecode.c.objc; path = GCDTests.m; sourceTree = "<group>"; };
		FCE036471FFF36B10020751F /* Info.plist */ = {isa = PBXFileReference; lastKnownFileType = text.plist.xml; path = Info.plist; sourceTree = "<group>"; };
		FCE0364C1FFF36B10020751F /* GCDUITests.xctest */ = {isa = PBXFileReference; explicitFileType = wrapper.cfbundle; includeInIndex = 0; path = GCDUITests.xctest; sourceTree = BUILT_PRODUCTS_DIR; };
		FCE036501FFF36B10020751F /* GCDUITests.m */ = {isa = PBXFileReference; lastKnownFileType = sourcecode.c.objc; path = GCDUITests.m; sourceTree = "<group>"; };
		FCE036521FFF36B10020751F /* Info.plist */ = {isa = PBXFileReference; lastKnownFileType = text.plist.xml; path = Info.plist; sourceTree = "<group>"; };
/* End PBXFileReference section */

/* Begin PBXFrameworksBuildPhase section */
		FCE036261FFF36B00020751F /* Frameworks */ = {
			isa = PBXFrameworksBuildPhase;
			buildActionMask = 2147483647;
			files = (
			);
			runOnlyForDeploymentPostprocessing = 0;
		};
		FCE0363E1FFF36B10020751F /* Frameworks */ = {
			isa = PBXFrameworksBuildPhase;
			buildActionMask = 2147483647;
			files = (
			);
			runOnlyForDeploymentPostprocessing = 0;
		};
		FCE036491FFF36B10020751F /* Frameworks */ = {
			isa = PBXFrameworksBuildPhase;
			buildActionMask = 2147483647;
			files = (
			);
			runOnlyForDeploymentPostprocessing = 0;
		};
/* End PBXFrameworksBuildPhase section */

/* Begin PBXGroup section */
		FCE036201FFF36B00020751F = {
			isa = PBXGroup;
			children = (
				FCE0362B1FFF36B00020751F /* GCD */,
				FCE036441FFF36B10020751F /* GCDTests */,
				FCE0364F1FFF36B10020751F /* GCDUITests */,
				FCE0362A1FFF36B00020751F /* Products */,
			);
			sourceTree = "<group>";
		};
		FCE0362A1FFF36B00020751F /* Products */ = {
			isa = PBXGroup;
			children = (
				FCE036291FFF36B00020751F /* GCD.app */,
				FCE036411FFF36B10020751F /* GCDTests.xctest */,
				FCE0364C1FFF36B10020751F /* GCDUITests.xctest */,
			);
			name = Products;
			sourceTree = "<group>";
		};
		FCE0362B1FFF36B00020751F /* GCD */ = {
			isa = PBXGroup;
			children = (
				FCE0362C1FFF36B00020751F /* AppDelegate.h */,
				FCE0362D1FFF36B00020751F /* AppDelegate.m */,
				FCE0362F1FFF36B00020751F /* ViewController.h */,
				FCE036301FFF36B00020751F /* ViewController.m */,
				FCE036321FFF36B00020751F /* Main.storyboard */,
				FCE036351FFF36B00020751F /* Assets.xcassets */,
				FCE036371FFF36B00020751F /* LaunchScreen.storyboard */,
				FCE0363A1FFF36B00020751F /* Info.plist */,
				FCE0363B1FFF36B00020751F /* main.m */,
			);
			path = GCD;
			sourceTree = "<group>";
		};
		FCE036441FFF36B10020751F /* GCDTests */ = {
			isa = PBXGroup;
			children = (
				FCE036451FFF36B10020751F /* GCDTests.m */,
				FCE036471FFF36B10020751F /* Info.plist */,
			);
			path = GCDTests;
			sourceTree = "<group>";
		};
		FCE0364F1FFF36B10020751F /* GCDUITests */ = {
			isa = PBXGroup;
			children = (
				FCE036501FFF36B10020751F /* GCDUITests.m */,
				FCE036521FFF36B10020751F /* Info.plist */,
			);
			path = GCDUITests;
			sourceTree = "<group>";
		};
/* End PBXGroup section */

/* Begin PBXNativeTarget section */
		FCE036281FFF36B00020751F /* GCD */ = {
			isa = PBXNativeTarget;
			buildConfigurationList = FCE036551FFF36B10020751F /* Build configuration list for PBXNativeTarget "GCD" */;
			buildPhases = (
				FCE036251FFF36B00020751F /* Sources */,
				FCE036261FFF36B00020751F /* Frameworks */,
				FCE036271FFF36B00020751F /* Resources */,
			);
			buildRules = (
			);
			dependencies = (
			);
			name = GCD;
			productName = GCD;
			productReference = FCE036291FFF36B00020751F /* GCD.app */;
			productType = "com.apple.product-type.application";
		};
		FCE036401FFF36B10020751F /* GCDTests */ = {
			isa = PBXNativeTarget;
			buildConfigurationList = FCE036581FFF36B10020751F /* Build configuration list for PBXNativeTarget "GCDTests" */;
			buildPhases = (
				FCE0363D1FFF36B10020751F /* Sources */,
				FCE0363E1FFF36B10020751F /* Frameworks */,
				FCE0363F1FFF36B10020751F /* Resources */,
			);
			buildRules = (
			);
			dependencies = (
				FCE036431FFF36B10020751F /* PBXTargetDependency */,
			);
			name = GCDTests;
			productName = GCDTests;
			productReference = FCE036411FFF36B10020751F /* GCDTests.xctest */;
			productType = "com.apple.product-type.bundle.unit-test";
		};
		FCE0364B1FFF36B10020751F /* GCDUITests */ = {
			isa = PBXNativeTarget;
			buildConfigurationList = FCE0365B1FFF36B10020751F /* Build configuration list for PBXNativeTarget "GCDUITests" */;
			buildPhases = (
				FCE036481FFF36B10020751F /* Sources */,
				FCE036491FFF36B10020751F /* Frameworks */,
				FCE0364A1FFF36B10020751F /* Resources */,
			);
			buildRules = (
			);
			dependencies = (
				FCE0364E1FFF36B10020751F /* PBXTargetDependency */,
			);
			name = GCDUITests;
			productName = GCDUITests;
			productReference = FCE0364C1FFF36B10020751F /* GCDUITests.xctest */;
			productType = "com.apple.product-type.bundle.ui-testing";
		};
/* End PBXNativeTarget section */

/* Begin PBXProject section */
		FCE036211FFF36B00020751F /* Project object */ = {
			isa = PBXProject;
			attributes = {
				LastUpgradeCheck = 0920;
				ORGANIZATIONNAME = huqinghe;
				TargetAttributes = {
					FCE036281FFF36B00020751F = {
						CreatedOnToolsVersion = 9.2;
						ProvisioningStyle = Automatic;
					};
					FCE036401FFF36B10020751F = {
						CreatedOnToolsVersion = 9.2;
						ProvisioningStyle = Automatic;
						TestTargetID = FCE036281FFF36B00020751F;
					};
					FCE0364B1FFF36B10020751F = {
						CreatedOnToolsVersion = 9.2;
						ProvisioningStyle = Automatic;
						TestTargetID = FCE036281FFF36B00020751F;
					};
				};
			};
			buildConfigurationList = FCE036241FFF36B00020751F /* Build configuration list for PBXProject "GCD" */;
			compatibilityVersion = "Xcode 8.0";
			developmentRegion = en;
			hasScannedForEncodings = 0;
			knownRegions = (
				en,
				Base,
			);
			mainGroup = FCE036201FFF36B00020751F;
			productRefGroup = FCE0362A1FFF36B00020751F /* Products */;
			projectDirPath = "";
			projectRoot = "";
			targets = (
				FCE036281FFF36B00020751F /* GCD */,
				FCE036401FFF36B10020751F /* GCDTests */,
				FCE0364B1FFF36B10020751F /* GCDUITests */,
			);
		};
/* End PBXProject section */

/* Begin PBXResourcesBuildPhase section */
		FCE036271FFF36B00020751F /* Resources */ = {
			isa = PBXResourcesBuildPhase;
			buildActionMask = 2147483647;
			files = (
				FCE036391FFF36B00020751F /* LaunchScreen.storyboard in Resources */,
				FCE036361FFF36B00020751F /* Assets.xcassets in Resources */,
				FCE036341FFF36B00020751F /* Main.storyboard in Resources */,
			);
			runOnlyForDeploymentPostprocessing = 0;
		};
		FCE0363F1FFF36B10020751F /* Resources */ = {
			isa = PBXResourcesBuildPhase;
			buildActionMask = 2147483647;
			files = (
			);
			runOnlyForDeploymentPostprocessing = 0;
		};
		FCE0364A1FFF36B10020751F /* Resources */ = {
			isa = PBXResourcesBuildPhase;
			buildActionMask = 2147483647;
			files = (
			);
			runOnlyForDeploymentPostprocessing = 0;
		};
/* End PBXResourcesBuildPhase section */

/* Begin PBXSourcesBuildPhase section */
		FCE036251FFF36B00020751F /* Sources */ = {
			isa = PBXSourcesBuildPhase;
			buildActionMask = 2147483647;
			files = (
				FCE036311FFF36B00020751F /* ViewController.m in Sources */,
				FCE0363C1FFF36B00020751F /* main.m in Sources */,
				FCE0362E1FFF36B00020751F /* AppDelegate.m in Sources */,
			);
			runOnlyForDeploymentPostprocessing = 0;
		};
		FCE0363D1FFF36B10020751F /* Sources */ = {
			isa = PBXSourcesBuildPhase;
			buildActionMask = 2147483647;
			files = (
				FCE036461FFF36B10020751F /* GCDTests.m in Sources */,
			);
			runOnlyForDeploymentPostprocessing = 0;
		};
		FCE036481FFF36B10020751F /* Sources */ = {
			isa = PBXSourcesBuildPhase;
			buildActionMask = 2147483647;
			files = (
				FCE036511FFF36B10020751F /* GCDUITests.m in Sources */,
			);
			runOnlyForDeploymentPostprocessing = 0;
		};
/* End PBXSourcesBuildPhase section */

/* Begin PBXTargetDependency section */
		FCE036431FFF36B10020751F /* PBXTargetDependency */ = {
			isa = PBXTargetDependency;
			target = FCE036281FFF36B00020751F /* GCD */;
			targetProxy = FCE036421FFF36B10020751F /* PBXContainerItemProxy */;
		};
		FCE0364E1FFF36B10020751F /* PBXTargetDependency */ = {
			isa = PBXTargetDependency;
			target = FCE036281FFF36B00020751F /* GCD */;
			targetProxy = FCE0364D1FFF36B10020751F /* PBXContainerItemProxy */;
		};
/* End PBXTargetDependency section */

/* Begin PBXVariantGroup section */
		FCE036321FFF36B00020751F /* Main.storyboard */ = {
			isa = PBXVariantGroup;
			children = (
				FCE036331FFF36B00020751F /* Base */,
			);
			name = Main.storyboard;
			sourceTree = "<group>";
		};
		FCE036371FFF36B00020751F /* LaunchScreen.storyboard */ = {
			isa = PBXVariantGroup;
			children = (
				FCE036381FFF36B00020751F /* Base */,
			);
			name = LaunchScreen.storyboard;
			sourceTree = "<group>";
		};
/* End PBXVariantGroup section */

/* Begin XCBuildConfiguration section */
		FCE036531FFF36B10020751F /* Debug */ = {
			isa = XCBuildConfiguration;
			buildSettings = {
				ALWAYS_SEARCH_USER_PATHS = NO;
				CLANG_ANALYZER_NONNULL = YES;
				CLANG_ANALYZER_NUMBER_OBJECT_CONVERSION = YES_AGGRESSIVE;
				CLANG_CXX_LANGUAGE_STANDARD = "gnu++14";
				CLANG_CXX_LIBRARY = "libc++";
				CLANG_ENABLE_MODULES = YES;
				CLANG_ENABLE_OBJC_ARC = YES;
				CLANG_WARN_BLOCK_CAPTURE_AUTORELEASING = YES;
				CLANG_WARN_BOOL_CONVERSION = YES;
				CLANG_WARN_COMMA = YES;
				CLANG_WARN_CONSTANT_CONVERSION = YES;
				CLANG_WARN_DIRECT_OBJC_ISA_USAGE = YES_ERROR;
				CLANG_WARN_DOCUMENTATION_COMMENTS = YES;
				CLANG_WARN_EMPTY_BODY = YES;
				CLANG_WARN_ENUM_CONVERSION = YES;
				CLANG_WARN_INFINITE_RECURSION = YES;
				CLANG_WARN_INT_CONVERSION = YES;
				CLANG_WARN_NON_LITERAL_NULL_CONVERSION = YES;
				CLANG_WARN_OBJC_LITERAL_CONVERSION = YES;
				CLANG_WARN_OBJC_ROOT_CLASS = YES_ERROR;
				CLANG_WARN_RANGE_LOOP_ANALYSIS = YES;
				CLANG_WARN_STRICT_PROTOTYPES = YES;
				CLANG_WARN_SUSPICIOUS_MOVE = YES;
				CLANG_WARN_UNGUARDED_AVAILABILITY = YES_AGGRESSIVE;
				CLANG_WARN_UNREACHABLE_CODE = YES;
				CLANG_WARN__DUPLICATE_METHOD_MATCH = YES;
				CODE_SIGN_IDENTITY = "iPhone Developer";
				COPY_PHASE_STRIP = NO;
				DEBUG_INFORMATION_FORMAT = dwarf;
				ENABLE_STRICT_OBJC_MSGSEND = YES;
				ENABLE_TESTABILITY = YES;
				GCC_C_LANGUAGE_STANDARD = gnu11;
				GCC_DYNAMIC_NO_PIC = NO;
				GCC_NO_COMMON_BLOCKS = YES;
				GCC_OPTIMIZATION_LEVEL = 0;
				GCC_PREPROCESSOR_DEFINITIONS = (
					"DEBUG=1",
					"$(inherited)",
				);
				GCC_WARN_64_TO_32_BIT_CONVERSION = YES;
				GCC_WARN_ABOUT_RETURN_TYPE = YES_ERROR;
				GCC_WARN_UNDECLARED_SELECTOR = YES;
				GCC_WARN_UNINITIALIZED_AUTOS = YES_AGGRESSIVE;
				GCC_WARN_UNUSED_FUNCTION = YES;
				GCC_WARN_UNUSED_VARIABLE = YES;
				IPHONEOS_DEPLOYMENT_TARGET = 11.2;
				MTL_ENABLE_DEBUG_INFO = YES;
				ONLY_ACTIVE_ARCH = YES;
				SDKROOT = iphoneos;
			};
			name = Debug;
		};
		FCE036541FFF36B10020751F /* Release */ = {
			isa = XCBuildConfiguration;
			buildSettings = {
				ALWAYS_SEARCH_USER_PATHS = NO;
				CLANG_ANALYZER_NONNULL = YES;
				CLANG_ANALYZER_NUMBER_OBJECT_CONVERSION = YES_AGGRESSIVE;
				CLANG_CXX_LANGUAGE_STANDARD = "gnu++14";
				CLANG_CXX_LIBRARY = "libc++";
				CLANG_ENABLE_MODULES = YES;
				CLANG_ENABLE_OBJC_ARC = YES;
				CLANG_WARN_BLOCK_CAPTURE_AUTORELEASING = YES;
				CLANG_WARN_BOOL_CONVERSION = YES;
				CLANG_WARN_COMMA = YES;
				CLANG_WARN_CONSTANT_CONVERSION = YES;
				CLANG_WARN_DIRECT_OBJC_ISA_USAGE = YES_ERROR;
				CLANG_WARN_DOCUMENTATION_COMMENTS = YES;
				CLANG_WARN_EMPTY_BODY = YES;
				CLANG_WARN_ENUM_CONVERSION = YES;
				CLANG_WARN_INFINITE_RECURSION = YES;
				CLANG_WARN_INT_CONVERSION = YES;
				CLANG_WARN_NON_LITERAL_NULL_CONVERSION = YES;
				CLANG_WARN_OBJC_LITERAL_CONVERSION = YES;
				CLANG_WARN_OBJC_ROOT_CLASS = YES_ERROR;
				CLANG_WARN_RANGE_LOOP_ANALYSIS = YES;
				CLANG_WARN_STRICT_PROTOTYPES = YES;
				CLANG_WARN_SUSPICIOUS_MOVE = YES;
				CLANG_WARN_UNGUARDED_AVAILABILITY = YES_AGGRESSIVE;
				CLANG_WARN_UNREACHABLE_CODE = YES;
				CLANG_WARN__DUPLICATE_METHOD_MATCH = YES;
				CODE_SIGN_IDENTITY = "iPhone Developer";
				COPY_PHASE_STRIP = NO;
				DEBUG_INFORMATION_FORMAT = "dwarf-with-dsym";
				ENABLE_NS_ASSERTIONS = NO;
				ENABLE_STRICT_OBJC_MSGSEND = YES;
				GCC_C_LANGUAGE_STANDARD = gnu11;
				GCC_NO_COMMON_BLOCKS = YES;
				GCC_WARN_64_TO_32_BIT_CONVERSION = YES;
				GCC_WARN_ABOUT_RETURN_TYPE = YES_ERROR;
				GCC_WARN_UNDECLARED_SELECTOR = YES;
				GCC_WARN_UNINITIALIZED_AUTOS = YES_AGGRESSIVE;
				GCC_WARN_UNUSED_FUNCTION = YES;
				GCC_WARN_UNUSED_VARIABLE = YES;
				IPHONEOS_DEPLOYMENT_TARGET = 11.2;
				MTL_ENABLE_DEBUG_INFO = NO;
				SDKROOT = iphoneos;
				VALIDATE_PRODUCT = YES;
			};
			name = Release;
		};
		FCE036561FFF36B10020751F /* Debug */ = {
			isa = XCBuildConfiguration;
			buildSettings = {
				ASSETCATALOG_COMPILER_APPICON_NAME = AppIcon;
				CODE_SIGN_STYLE = Automatic;
				DEVELOPMENT_TEAM = LK7F22H49F;
				INFOPLIST_FILE = GCD/Info.plist;
				LD_RUNPATH_SEARCH_PATHS = "$(inherited) @executable_path/Frameworks";
				PRODUCT_BUNDLE_IDENTIFIER = com.huqinghe.GCD;
				PRODUCT_NAME = "$(TARGET_NAME)";
				TARGETED_DEVICE_FAMILY = "1,2";
			};
			name = Debug;
		};
		FCE036571FFF36B10020751F /* Release */ = {
			isa = XCBuildConfiguration;
			buildSettings = {
				ASSETCATALOG_COMPILER_APPICON_NAME = AppIcon;
				CODE_SIGN_STYLE = Automatic;
				DEVELOPMENT_TEAM = LK7F22H49F;
				INFOPLIST_FILE = GCD/Info.plist;
				LD_RUNPATH_SEARCH_PATHS = "$(inherited) @executable_path/Frameworks";
				PRODUCT_BUNDLE_IDENTIFIER = com.huqinghe.GCD;
				PRODUCT_NAME = "$(TARGET_NAME)";
				TARGETED_DEVICE_FAMILY = "1,2";
			};
			name = Release;
		};
		FCE036591FFF36B10020751F /* Debug */ = {
			isa = XCBuildConfiguration;
			buildSettings = {
				BUNDLE_LOADER = "$(TEST_HOST)";
				CODE_SIGN_STYLE = Automatic;
				DEVELOPMENT_TEAM = LK7F22H49F;
				INFOPLIST_FILE = GCDTests/Info.plist;
				LD_RUNPATH_SEARCH_PATHS = "$(inherited) @executable_path/Frameworks @loader_path/Frameworks";
				PRODUCT_BUNDLE_IDENTIFIER = com.huqinghe.GCDTests;
				PRODUCT_NAME = "$(TARGET_NAME)";
				TARGETED_DEVICE_FAMILY = "1,2";
				TEST_HOST = "$(BUILT_PRODUCTS_DIR)/GCD.app/GCD";
			};
			name = Debug;
		};
		FCE0365A1FFF36B10020751F /* Release */ = {
			isa = XCBuildConfiguration;
			buildSettings = {
				BUNDLE_LOADER = "$(TEST_HOST)";
				CODE_SIGN_STYLE = Automatic;
				DEVELOPMENT_TEAM = LK7F22H49F;
				INFOPLIST_FILE = GCDTests/Info.plist;
				LD_RUNPATH_SEARCH_PATHS = "$(inherited) @executable_path/Frameworks @loader_path/Frameworks";
				PRODUCT_BUNDLE_IDENTIFIER = com.huqinghe.GCDTests;
				PRODUCT_NAME = "$(TARGET_NAME)";
				TARGETED_DEVICE_FAMILY = "1,2";
				TEST_HOST = "$(BUILT_PRODUCTS_DIR)/GCD.app/GCD";
			};
			name = Release;
		};
		FCE0365C1FFF36B10020751F /* Debug */ = {
			isa = XCBuildConfiguration;
			buildSettings = {
				CODE_SIGN_STYLE = Automatic;
				DEVELOPMENT_TEAM = LK7F22H49F;
				INFOPLIST_FILE = GCDUITests/Info.plist;
				LD_RUNPATH_SEARCH_PATHS = "$(inherited) @executable_path/Frameworks @loader_path/Frameworks";
				PRODUCT_BUNDLE_IDENTIFIER = com.huqinghe.GCDUITests;
				PRODUCT_NAME = "$(TARGET_NAME)";
				TARGETED_DEVICE_FAMILY = "1,2";
				TEST_TARGET_NAME = GCD;
			};
			name = Debug;
		};
		FCE0365D1FFF36B10020751F /* Release */ = {
			isa = XCBuildConfiguration;
			buildSettings = {
				CODE_SIGN_STYLE = Automatic;
				DEVELOPMENT_TEAM = LK7F22H49F;
				INFOPLIST_FILE = GCDUITests/Info.plist;
				LD_RUNPATH_SEARCH_PATHS = "$(inherited) @executable_path/Frameworks @loader_path/Frameworks";
				PRODUCT_BUNDLE_IDENTIFIER = com.huqinghe.GCDUITests;
				PRODUCT_NAME = "$(TARGET_NAME)";
				TARGETED_DEVICE_FAMILY = "1,2";
				TEST_TARGET_NAME = GCD;
			};
			name = Release;
		};
/* End XCBuildConfiguration section */

/* Begin XCConfigurationList section */
		FCE036241FFF36B00020751F /* Build configuration list for PBXProject "GCD" */ = {
			isa = XCConfigurationList;
			buildConfigurations = (
				FCE036531FFF36B10020751F /* Debug */,
				FCE036541FFF36B10020751F /* Release */,
			);
			defaultConfigurationIsVisible = 0;
			defaultConfigurationName = Release;
		};
		FCE036551FFF36B10020751F /* Build configuration list for PBXNativeTarget "GCD" */ = {
			isa = XCConfigurationList;
			buildConfigurations = (
				FCE036561FFF36B10020751F /* Debug */,
				FCE036571FFF36B10020751F /* Release */,
			);
			defaultConfigurationIsVisible = 0;
			defaultConfigurationName = Release;
		};
		FCE036581FFF36B10020751F /* Build configuration list for PBXNativeTarget "GCDTests" */ = {
			isa = XCConfigurationList;
			buildConfigurations = (
				FCE036591FFF36B10020751F /* Debug */,
				FCE0365A1FFF36B10020751F /* Release */,
			);
			defaultConfigurationIsVisible = 0;
			defaultConfigurationName = Release;
		};
		FCE0365B1FFF36B10020751F /* Build configuration list for PBXNativeTarget "GCDUITests" */ = {
			isa = XCConfigurationList;
			buildConfigurations = (
				FCE0365C1FFF36B10020751F /* Debug */,
				FCE0365D1FFF36B10020751F /* Release */,
			);
			defaultConfigurationIsVisible = 0;
			defaultConfigurationName = Release;
		};
/* End XCConfigurationList section */
	};
	rootObject = FCE036211FFF36B00020751F /* Project object */;
}
